
Microsoft Visual Studio Solution File, Format Version 12.00
# Visual Studio Version 16
VisualStudioVersion = 16.0.30523.141
MinimumVisualStudioVersion = 10.0.40219.1
Project("{FAE04EC0-301F-11D3-BF4B-00C04F79EFBC}") = "NaudioExample", "NaudioExample\NaudioExample.csproj", "{D0935F60-02CE-49D8-84B1-E58F93B6ED6D}"
EndProject
Global
	GlobalSection(SolutionConfigurationPlatforms) = preSolution
		Debug|Any CPU = Debug|Any CPU
		Release|Any CPU = Release|Any CPU
	EndGlobalSection
	GlobalSection(ProjectConfigurationPlatforms) = postSolution
		{D0935F60-02CE-49D8-84B1-E58F93B6ED6D}.Debug|Any CPU.ActiveCfg = Debug|Any CPU
		{D0935F60-02CE-49D8-84B1-E58F93B6ED6D}.Debug|Any CPU.Build.0 = Debug|Any CPU
		{D0935F60-02CE-49D8-84B1-E58F93B6ED6D}.Release|Any CPU.ActiveCfg = Release|Any CPU
		{D0935F60-02CE-49D8-84B1-E58F93B6ED6D}.Release|Any CPU.Build.0 = Release|Any CPU
	EndGlobalSection
	GlobalSection(SolutionProperties) = preSolution
		HideSolutionNode = FALSE
	EndGlobalSection
	GlobalSection(ExtensibilityGlobals) = postSolution
		SolutionGuid = {73B71BFE-F6F8-4A1D-AEF2-DFC2BE130516}
	EndGlobalSection
EndGlobal
